
Microsoft Visual Studio Solution File, Format Version 12.00
# Visual Studio Version 16
VisualStudioVersion = 16.0.29009.5
MinimumVisualStudioVersion = 10.0.40219.1
Project("{FAE04EC0-301F-11D3-BF4B-00C04F79EFBC}") = "MobiSchool", "MobiSchool\MobiSchool.csproj", "{AD03D467-A8AC-41C1-89A0-754C0D3D4A75}"
EndProject
Project("{FAE04EC0-301F-11D3-BF4B-00C04F79EFBC}") = "MobiSchool.WEB", "MobiSchool.WEB\MobiSchool.WEB.csproj", "{F7A35460-B4E5-4BB1-88B5-28008C2AF1DB}"
EndProject
Global
	GlobalSection(SolutionConfigurationPlatforms) = preSolution
		Debug|Any CPU = Debug|Any CPU
		Release|Any CPU = Release|Any CPU
	EndGlobalSection
	GlobalSection(ProjectConfigurationPlatforms) = postSolution
		{AD03D467-A8AC-41C1-89A0-754C0D3D4A75}.Debug|Any CPU.ActiveCfg = Debug|Any CPU
		{AD03D467-A8AC-41C1-89A0-754C0D3D4A75}.Debug|Any CPU.Build.0 = Debug|Any CPU
		{AD03D467-A8AC-41C1-89A0-754C0D3D4A75}.Release|Any CPU.ActiveCfg = Release|Any CPU
		{AD03D467-A8AC-41C1-89A0-754C0D3D4A75}.Release|Any CPU.Build.0 = Release|Any CPU
		{F7A35460-B4E5-4BB1-88B5-28008C2AF1DB}.Debug|Any CPU.ActiveCfg = Debug|Any CPU
		{F7A35460-B4E5-4BB1-88B5-28008C2AF1DB}.Debug|Any CPU.Build.0 = Debug|Any CPU
		{F7A35460-B4E5-4BB1-88B5-28008C2AF1DB}.Release|Any CPU.ActiveCfg = Release|Any CPU
		{F7A35460-B4E5-4BB1-88B5-28008C2AF1DB}.Release|Any CPU.Build.0 = Release|Any CPU
	EndGlobalSection
	GlobalSection(SolutionProperties) = preSolution
		HideSolutionNode = FALSE
	EndGlobalSection
	GlobalSection(ExtensibilityGlobals) = postSolution
		SolutionGuid = {83E1E7DA-A321-4568-AA50-E51C59746B98}
	EndGlobalSection
EndGlobal
